
Microsoft Visual Studio Solution File, Format Version 10.00
# Visual Studio 2008
Project("{FAE04EC0-301F-11D3-BF4B-00C04F79EFBC}") = "TouchRemote.Interfaces", "TouchRemote.Interfaces\TouchRemote.Interfaces.csproj", "{EBFE1069-036C-4C2E-99AA-3F67DDAE3922}"
EndProject
Project("{8BC9CEB8-8B4A-11D0-8D11-00A0C91BC942}") = "pfc", "..\FoobarSDK\pfc\pfc.vcproj", "{EBFFFB4E-261D-44D3-B89C-957B31A0BF9C}"
EndProject
Project("{8BC9CEB8-8B4A-11D0-8D11-00A0C91BC942}") = "foobar2000_SDK", "..\FoobarSDK\foobar2000\SDK\foobar2000_SDK.vcproj", "{E8091321-D79D-4575-86EF-064EA1A4A20D}"
	ProjectSection(ProjectDependencies) = postProject
		{EBFFFB4E-261D-44D3-B89C-957B31A0BF9C} = {EBFFFB4E-261D-44D3-B89C-957B31A0BF9C}
	EndProjectSection
EndProject
Project("{8BC9CEB8-8B4A-11D0-8D11-00A0C91BC942}") = "foobar2000_component_client", "..\FoobarSDK\foobar2000\foobar2000_component_client\foobar2000_component_client.vcproj", "{71AD2674-065B-48F5-B8B0-E1F9D3892081}"
	ProjectSection(ProjectDependencies) = postProject
		{E8091321-D79D-4575-86EF-064EA1A4A20D} = {E8091321-D79D-4575-86EF-064EA1A4A20D}
		{EBFFFB4E-261D-44D3-B89C-957B31A0BF9C} = {EBFFFB4E-261D-44D3-B89C-957B31A0BF9C}
	EndProjectSection
EndProject
Project("{8BC9CEB8-8B4A-11D0-8D11-00A0C91BC942}") = "foo_touchremote", "foo_touchremote\foo_touchremote.vcproj", "{616F0698-E2BF-4717-BD68-E0A08B9B6537}"
	ProjectSection(ProjectDependencies) = postProject
		{E8091321-D79D-4575-86EF-064EA1A4A20D} = {E8091321-D79D-4575-86EF-064EA1A4A20D}
		{EBFFFB4E-261D-44D3-B89C-957B31A0BF9C} = {EBFFFB4E-261D-44D3-B89C-957B31A0BF9C}
		{71AD2674-065B-48F5-B8B0-E1F9D3892081} = {71AD2674-065B-48F5-B8B0-E1F9D3892081}
	EndProjectSection
EndProject
Project("{FAE04EC0-301F-11D3-BF4B-00C04F79EFBC}") = "TouchRemote.Core", "TouchRemote.Core\TouchRemote.Core.csproj", "{66C9DB9E-80FE-4876-B696-4B2A0F4902E2}"
EndProject
Project("{FAE04EC0-301F-11D3-BF4B-00C04F79EFBC}") = "TouchRemote.Bonjour", "TouchRemote.Bonjour\TouchRemote.Bonjour.csproj", "{32619514-02D3-471A-A594-C79FC0FC8A62}"
EndProject
Project("{FAE04EC0-301F-11D3-BF4B-00C04F79EFBC}") = "TouchRemote.Raop", "TouchRemote.Raop\TouchRemote.Raop.csproj", "{FD08A017-6791-476F-9927-5DC030E0FA8C}"
EndProject
Project("{FAE04EC0-301F-11D3-BF4B-00C04F79EFBC}") = "TouchRemote.Raop.Test", "TouchRemote.Raop.Test\TouchRemote.Raop.Test.csproj", "{39E0F8DC-A113-418C-ABBD-EFCF919DBAAB}"
EndProject
Project("{8BC9CEB8-8B4A-11D0-8D11-00A0C91BC942}") = "foo_out_air", "foo_out_air\foo_out_air.vcproj", "{D3E155CC-C284-4A76-B0F3-9A38CCE36914}"
	ProjectSection(ProjectDependencies) = postProject
		{E8091321-D79D-4575-86EF-064EA1A4A20D} = {E8091321-D79D-4575-86EF-064EA1A4A20D}
		{EBFFFB4E-261D-44D3-B89C-957B31A0BF9C} = {EBFFFB4E-261D-44D3-B89C-957B31A0BF9C}
		{71AD2674-065B-48F5-B8B0-E1F9D3892081} = {71AD2674-065B-48F5-B8B0-E1F9D3892081}
	EndProjectSection
EndProject
Global
	GlobalSection(SolutionConfigurationPlatforms) = preSolution
		Debug|Any CPU = Debug|Any CPU
		Debug|Mixed Platforms = Debug|Mixed Platforms
		Debug|Win32 = Debug|Win32
		Debug|x64 = Debug|x64
		Release managed|Any CPU = Release managed|Any CPU
		Release managed|Mixed Platforms = Release managed|Mixed Platforms
		Release managed|Win32 = Release managed|Win32
		Release managed|x64 = Release managed|x64
		Release|Any CPU = Release|Any CPU
		Release|Mixed Platforms = Release|Mixed Platforms
		Release|Win32 = Release|Win32
		Release|x64 = Release|x64
	EndGlobalSection
	GlobalSection(ProjectConfigurationPlatforms) = postSolution
		{EBFE1069-036C-4C2E-99AA-3F67DDAE3922}.Debug|Any CPU.ActiveCfg = Debug|Any CPU
		{EBFE1069-036C-4C2E-99AA-3F67DDAE3922}.Debug|Any CPU.Build.0 = Debug|Any CPU
		{EBFE1069-036C-4C2E-99AA-3F67DDAE3922}.Debug|Mixed Platforms.ActiveCfg = Debug|Any CPU
		{EBFE1069-036C-4C2E-99AA-3F67DDAE3922}.Debug|Mixed Platforms.Build.0 = Debug|Any CPU
		{EBFE1069-036C-4C2E-99AA-3F67DDAE3922}.Debug|Win32.ActiveCfg = Debug|Any CPU
		{EBFE1069-036C-4C2E-99AA-3F67DDAE3922}.Debug|x64.ActiveCfg = Debug|Any CPU
		{EBFE1069-036C-4C2E-99AA-3F67DDAE3922}.Release managed|Any CPU.ActiveCfg = Release managed|Any CPU
		{EBFE1069-036C-4C2E-99AA-3F67DDAE3922}.Release managed|Any CPU.Build.0 = Release managed|Any CPU
		{EBFE1069-036C-4C2E-99AA-3F67DDAE3922}.Release managed|Mixed Platforms.ActiveCfg = Release managed|Any CPU
		{EBFE1069-036C-4C2E-99AA-3F67DDAE3922}.Release managed|Mixed Platforms.Build.0 = Release managed|Any CPU
		{EBFE1069-036C-4C2E-99AA-3F67DDAE3922}.Release managed|Win32.ActiveCfg = Release managed|Any CPU
		{EBFE1069-036C-4C2E-99AA-3F67DDAE3922}.Release managed|x64.ActiveCfg = Release managed|Any CPU
		{EBFE1069-036C-4C2E-99AA-3F67DDAE3922}.Release|Any CPU.ActiveCfg = Release|Any CPU
		{EBFE1069-036C-4C2E-99AA-3F67DDAE3922}.Release|Any CPU.Build.0 = Release|Any CPU
		{EBFE1069-036C-4C2E-99AA-3F67DDAE3922}.Release|Mixed Platforms.ActiveCfg = Release|Any CPU
		{EBFE1069-036C-4C2E-99AA-3F67DDAE3922}.Release|Mixed Platforms.Build.0 = Release|Any CPU
		{EBFE1069-036C-4C2E-99AA-3F67DDAE3922}.Release|Win32.ActiveCfg = Release|Any CPU
		{EBFE1069-036C-4C2E-99AA-3F67DDAE3922}.Release|x64.ActiveCfg = Release|Any CPU
		{EBFFFB4E-261D-44D3-B89C-957B31A0BF9C}.Debug|Any CPU.ActiveCfg = Debug|x64
		{EBFFFB4E-261D-44D3-B89C-957B31A0BF9C}.Debug|Mixed Platforms.ActiveCfg = Debug|Win32
		{EBFFFB4E-261D-44D3-B89C-957B31A0BF9C}.Debug|Mixed Platforms.Build.0 = Debug|Win32
		{EBFFFB4E-261D-44D3-B89C-957B31A0BF9C}.Debug|Win32.ActiveCfg = Debug|Win32
		{EBFFFB4E-261D-44D3-B89C-957B31A0BF9C}.Debug|Win32.Build.0 = Debug|Win32
		{EBFFFB4E-261D-44D3-B89C-957B31A0BF9C}.Debug|x64.ActiveCfg = Debug|x64
		{EBFFFB4E-261D-44D3-B89C-957B31A0BF9C}.Debug|x64.Build.0 = Debug|x64
		{EBFFFB4E-261D-44D3-B89C-957B31A0BF9C}.Release managed|Any CPU.ActiveCfg = Release managed|x64
		{EBFFFB4E-261D-44D3-B89C-957B31A0BF9C}.Release managed|Mixed Platforms.ActiveCfg = Release managed|x64
		{EBFFFB4E-261D-44D3-B89C-957B31A0BF9C}.Release managed|Win32.ActiveCfg = Release managed|Win32
		{EBFFFB4E-261D-44D3-B89C-957B31A0BF9C}.Release managed|Win32.Build.0 = Release managed|Win32
		{EBFFFB4E-261D-44D3-B89C-957B31A0BF9C}.Release managed|x64.ActiveCfg = Release managed|x64
		{EBFFFB4E-261D-44D3-B89C-957B31A0BF9C}.Release managed|x64.Build.0 = Release managed|x64
		{EBFFFB4E-261D-44D3-B89C-957B31A0BF9C}.Release|Any CPU.ActiveCfg = Release|x64
		{EBFFFB4E-261D-44D3-B89C-957B31A0BF9C}.Release|Mixed Platforms.ActiveCfg = Release|Win32
		{EBFFFB4E-261D-44D3-B89C-957B31A0BF9C}.Release|Mixed Platforms.Build.0 = Release|Win32
		{EBFFFB4E-261D-44D3-B89C-957B31A0BF9C}.Release|Win32.ActiveCfg = Release|Win32
		{EBFFFB4E-261D-44D3-B89C-957B31A0BF9C}.Release|Win32.Build.0 = Release|Win32
		{EBFFFB4E-261D-44D3-B89C-957B31A0BF9C}.Release|x64.ActiveCfg = Release|x64
		{EBFFFB4E-261D-44D3-B89C-957B31A0BF9C}.Release|x64.Build.0 = Release|x64
		{E8091321-D79D-4575-86EF-064EA1A4A20D}.Debug|Any CPU.ActiveCfg = Debug|x64
		{E8091321-D79D-4575-86EF-064EA1A4A20D}.Debug|Mixed Platforms.ActiveCfg = Debug|Win32
		{E8091321-D79D-4575-86EF-064EA1A4A20D}.Debug|Mixed Platforms.Build.0 = Debug|Win32
		{E8091321-D79D-4575-86EF-064EA1A4A20D}.Debug|Win32.ActiveCfg = Debug|Win32
		{E8091321-D79D-4575-86EF-064EA1A4A20D}.Debug|Win32.Build.0 = Debug|Win32
		{E8091321-D79D-4575-86EF-064EA1A4A20D}.Debug|x64.ActiveCfg = Debug|x64
		{E8091321-D79D-4575-86EF-064EA1A4A20D}.Debug|x64.Build.0 = Debug|x64
		{E8091321-D79D-4575-86EF-064EA1A4A20D}.Release managed|Any CPU.ActiveCfg = Release managed|x64
		{E8091321-D79D-4575-86EF-064EA1A4A20D}.Release managed|Mixed Platforms.ActiveCfg = Release managed|x64
		{E8091321-D79D-4575-86EF-064EA1A4A20D}.Release managed|Win32.ActiveCfg = Release managed|Win32
		{E8091321-D79D-4575-86EF-064EA1A4A20D}.Release managed|Win32.Build.0 = Release managed|Win32
		{E8091321-D79D-4575-86EF-064EA1A4A20D}.Release managed|x64.ActiveCfg = Release managed|x64
		{E8091321-D79D-4575-86EF-064EA1A4A20D}.Release managed|x64.Build.0 = Release managed|x64
		{E8091321-D79D-4575-86EF-064EA1A4A20D}.Release|Any CPU.ActiveCfg = Release|x64
		{E8091321-D79D-4575-86EF-064EA1A4A20D}.Release|Mixed Platforms.ActiveCfg = Release|Win32
		{E8091321-D79D-4575-86EF-064EA1A4A20D}.Release|Mixed Platforms.Build.0 = Release|Win32
		{E8091321-D79D-4575-86EF-064EA1A4A20D}.Release|Win32.ActiveCfg = Release|Win32
		{E8091321-D79D-4575-86EF-064EA1A4A20D}.Release|Win32.Build.0 = Release|Win32
		{E8091321-D79D-4575-86EF-064EA1A4A20D}.Release|x64.ActiveCfg = Release|x64
		{E8091321-D79D-4575-86EF-064EA1A4A20D}.Release|x64.Build.0 = Release|x64
		{71AD2674-065B-48F5-B8B0-E1F9D3892081}.Debug|Any CPU.ActiveCfg = Debug|x64
		{71AD2674-065B-48F5-B8B0-E1F9D3892081}.Debug|Mixed Platforms.ActiveCfg = Debug|Win32
		{71AD2674-065B-48F5-B8B0-E1F9D3892081}.Debug|Mixed Platforms.Build.0 = Debug|Win32
		{71AD2674-065B-48F5-B8B0-E1F9D3892081}.Debug|Win32.ActiveCfg = Debug|Win32
		{71AD2674-065B-48F5-B8B0-E1F9D3892081}.Debug|Win32.Build.0 = Debug|Win32
		{71AD2674-065B-48F5-B8B0-E1F9D3892081}.Debug|x64.ActiveCfg = Debug|x64
		{71AD2674-065B-48F5-B8B0-E1F9D3892081}.Debug|x64.Build.0 = Debug|x64
		{71AD2674-065B-48F5-B8B0-E1F9D3892081}.Release managed|Any CPU.ActiveCfg = Release managed|x64
		{71AD2674-065B-48F5-B8B0-E1F9D3892081}.Release managed|Mixed Platforms.ActiveCfg = Release managed|x64
		{71AD2674-065B-48F5-B8B0-E1F9D3892081}.Release managed|Win32.ActiveCfg = Release managed|Win32
		{71AD2674-065B-48F5-B8B0-E1F9D3892081}.Release managed|Win32.Build.0 = Release managed|Win32
		{71AD2674-065B-48F5-B8B0-E1F9D3892081}.Release managed|x64.ActiveCfg = Release managed|x64
		{71AD2674-065B-48F5-B8B0-E1F9D3892081}.Release managed|x64.Build.0 = Release managed|x64
		{71AD2674-065B-48F5-B8B0-E1F9D3892081}.Release|Any CPU.ActiveCfg = Release|x64
		{71AD2674-065B-48F5-B8B0-E1F9D3892081}.Release|Mixed Platforms.ActiveCfg = Release|Win32
		{71AD2674-065B-48F5-B8B0-E1F9D3892081}.Release|Mixed Platforms.Build.0 = Release|Win32
		{71AD2674-065B-48F5-B8B0-E1F9D3892081}.Release|Win32.ActiveCfg = Release|Win32
		{71AD2674-065B-48F5-B8B0-E1F9D3892081}.Release|Win32.Build.0 = Release|Win32
		{71AD2674-065B-48F5-B8B0-E1F9D3892081}.Release|x64.ActiveCfg = Release|x64
		{71AD2674-065B-48F5-B8B0-E1F9D3892081}.Release|x64.Build.0 = Release|x64
		{616F0698-E2BF-4717-BD68-E0A08B9B6537}.Debug|Any CPU.ActiveCfg = Debug|Win32
		{616F0698-E2BF-4717-BD68-E0A08B9B6537}.Debug|Mixed Platforms.ActiveCfg = Debug|Win32
		{616F0698-E2BF-4717-BD68-E0A08B9B6537}.Debug|Mixed Platforms.Build.0 = Debug|Win32
		{616F0698-E2BF-4717-BD68-E0A08B9B6537}.Debug|Win32.ActiveCfg = Debug|Win32
		{616F0698-E2BF-4717-BD68-E0A08B9B6537}.Debug|Win32.Build.0 = Debug|Win32
		{616F0698-E2BF-4717-BD68-E0A08B9B6537}.Debug|x64.ActiveCfg = Debug|Win32
		{616F0698-E2BF-4717-BD68-E0A08B9B6537}.Release managed|Any CPU.ActiveCfg = Release managed|Win32
		{616F0698-E2BF-4717-BD68-E0A08B9B6537}.Release managed|Mixed Platforms.ActiveCfg = Release managed|Win32
		{616F0698-E2BF-4717-BD68-E0A08B9B6537}.Release managed|Win32.ActiveCfg = Release managed|Win32
		{616F0698-E2BF-4717-BD68-E0A08B9B6537}.Release managed|Win32.Build.0 = Release managed|Win32
		{616F0698-E2BF-4717-BD68-E0A08B9B6537}.Release managed|x64.ActiveCfg = Release managed|Win32
		{616F0698-E2BF-4717-BD68-E0A08B9B6537}.Release|Any CPU.ActiveCfg = Release|Win32
		{616F0698-E2BF-4717-BD68-E0A08B9B6537}.Release|Mixed Platforms.ActiveCfg = Release|Win32
		{616F0698-E2BF-4717-BD68-E0A08B9B6537}.Release|Mixed Platforms.Build.0 = Release|Win32
		{616F0698-E2BF-4717-BD68-E0A08B9B6537}.Release|Win32.ActiveCfg = Release|Win32
		{616F0698-E2BF-4717-BD68-E0A08B9B6537}.Release|Win32.Build.0 = Release|Win32
		{616F0698-E2BF-4717-BD68-E0A08B9B6537}.Release|x64.ActiveCfg = Release|Win32
		{66C9DB9E-80FE-4876-B696-4B2A0F4902E2}.Debug|Any CPU.ActiveCfg = Debug|Any CPU
		{66C9DB9E-80FE-4876-B696-4B2A0F4902E2}.Debug|Any CPU.Build.0 = Debug|Any CPU
		{66C9DB9E-80FE-4876-B696-4B2A0F4902E2}.Debug|Mixed Platforms.ActiveCfg = Debug|Any CPU
		{66C9DB9E-80FE-4876-B696-4B2A0F4902E2}.Debug|Mixed Platforms.Build.0 = Debug|Any CPU
		{66C9DB9E-80FE-4876-B696-4B2A0F4902E2}.Debug|Win32.ActiveCfg = Debug|Any CPU
		{66C9DB9E-80FE-4876-B696-4B2A0F4902E2}.Debug|x64.ActiveCfg = Debug|Any CPU
		{66C9DB9E-80FE-4876-B696-4B2A0F4902E2}.Release managed|Any CPU.ActiveCfg = Release managed|Any CPU
		{66C9DB9E-80FE-4876-B696-4B2A0F4902E2}.Release managed|Any CPU.Build.0 = Release managed|Any CPU
		{66C9DB9E-80FE-4876-B696-4B2A0F4902E2}.Release managed|Mixed Platforms.ActiveCfg = Release managed|Any CPU
		{66C9DB9E-80FE-4876-B696-4B2A0F4902E2}.Release managed|Mixed Platforms.Build.0 = Release managed|Any CPU
		{66C9DB9E-80FE-4876-B696-4B2A0F4902E2}.Release managed|Win32.ActiveCfg = Release managed|Any CPU
		{66C9DB9E-80FE-4876-B696-4B2A0F4902E2}.Release managed|x64.ActiveCfg = Release managed|Any CPU
		{66C9DB9E-80FE-4876-B696-4B2A0F4902E2}.Release|Any CPU.ActiveCfg = Release|Any CPU
		{66C9DB9E-80FE-4876-B696-4B2A0F4902E2}.Release|Any CPU.Build.0 = Release|Any CPU
		{66C9DB9E-80FE-4876-B696-4B2A0F4902E2}.Release|Mixed Platforms.ActiveCfg = Release|Any CPU
		{66C9DB9E-80FE-4876-B696-4B2A0F4902E2}.Release|Mixed Platforms.Build.0 = Release|Any CPU
		{66C9DB9E-80FE-4876-B696-4B2A0F4902E2}.Release|Win32.ActiveCfg = Release|Any CPU
		{66C9DB9E-80FE-4876-B696-4B2A0F4902E2}.Release|x64.ActiveCfg = Release|Any CPU
		{32619514-02D3-471A-A594-C79FC0FC8A62}.Debug|Any CPU.ActiveCfg = Debug|Any CPU
		{32619514-02D3-471A-A594-C79FC0FC8A62}.Debug|Any CPU.Build.0 = Debug|Any CPU
		{32619514-02D3-471A-A594-C79FC0FC8A62}.Debug|Mixed Platforms.ActiveCfg = Debug|Any CPU
		{32619514-02D3-471A-A594-C79FC0FC8A62}.Debug|Mixed Platforms.Build.0 = Debug|Any CPU
		{32619514-02D3-471A-A594-C79FC0FC8A62}.Debug|Win32.ActiveCfg = Debug|Any CPU
		{32619514-02D3-471A-A594-C79FC0FC8A62}.Debug|x64.ActiveCfg = Debug|Any CPU
		{32619514-02D3-471A-A594-C79FC0FC8A62}.Release managed|Any CPU.ActiveCfg = Release managed|Any CPU
		{32619514-02D3-471A-A594-C79FC0FC8A62}.Release managed|Any CPU.Build.0 = Release managed|Any CPU
		{32619514-02D3-471A-A594-C79FC0FC8A62}.Release managed|Mixed Platforms.ActiveCfg = Release managed|Any CPU
		{32619514-02D3-471A-A594-C79FC0FC8A62}.Release managed|Mixed Platforms.Build.0 = Release managed|Any CPU
		{32619514-02D3-471A-A594-C79FC0FC8A62}.Release managed|Win32.ActiveCfg = Release managed|Any CPU
		{32619514-02D3-471A-A594-C79FC0FC8A62}.Release managed|x64.ActiveCfg = Release managed|Any CPU
		{32619514-02D3-471A-A594-C79FC0FC8A62}.Release|Any CPU.ActiveCfg = Release|Any CPU
		{32619514-02D3-471A-A594-C79FC0FC8A62}.Release|Any CPU.Build.0 = Release|Any CPU
		{32619514-02D3-471A-A594-C79FC0FC8A62}.Release|Mixed Platforms.ActiveCfg = Release|Any CPU
		{32619514-02D3-471A-A594-C79FC0FC8A62}.Release|Mixed Platforms.Build.0 = Release|Any CPU
		{32619514-02D3-471A-A594-C79FC0FC8A62}.Release|Win32.ActiveCfg = Release|Any CPU
		{32619514-02D3-471A-A594-C79FC0FC8A62}.Release|x64.ActiveCfg = Release|Any CPU
		{FD08A017-6791-476F-9927-5DC030E0FA8C}.Debug|Any CPU.ActiveCfg = Debug|Any CPU
		{FD08A017-6791-476F-9927-5DC030E0FA8C}.Debug|Any CPU.Build.0 = Debug|Any CPU
		{FD08A017-6791-476F-9927-5DC030E0FA8C}.Debug|Mixed Platforms.ActiveCfg = Debug|Any CPU
		{FD08A017-6791-476F-9927-5DC030E0FA8C}.Debug|Mixed Platforms.Build.0 = Debug|Any CPU
		{FD08A017-6791-476F-9927-5DC030E0FA8C}.Debug|Win32.ActiveCfg = Debug|Any CPU
		{FD08A017-6791-476F-9927-5DC030E0FA8C}.Debug|x64.ActiveCfg = Debug|Any CPU
		{FD08A017-6791-476F-9927-5DC030E0FA8C}.Release managed|Any CPU.ActiveCfg = Release|Any CPU
		{FD08A017-6791-476F-9927-5DC030E0FA8C}.Release managed|Any CPU.Build.0 = Release|Any CPU
		{FD08A017-6791-476F-9927-5DC030E0FA8C}.Release managed|Mixed Platforms.ActiveCfg = Debug|Any CPU
		{FD08A017-6791-476F-9927-5DC030E0FA8C}.Release managed|Mixed Platforms.Build.0 = Debug|Any CPU
		{FD08A017-6791-476F-9927-5DC030E0FA8C}.Release managed|Win32.ActiveCfg = Release|Any CPU
		{FD08A017-6791-476F-9927-5DC030E0FA8C}.Release managed|x64.ActiveCfg = Release|Any CPU
		{FD08A017-6791-476F-9927-5DC030E0FA8C}.Release|Any CPU.ActiveCfg = Release|Any CPU
		{FD08A017-6791-476F-9927-5DC030E0FA8C}.Release|Any CPU.Build.0 = Release|Any CPU
		{FD08A017-6791-476F-9927-5DC030E0FA8C}.Release|Mixed Platforms.ActiveCfg = Release|Any CPU
		{FD08A017-6791-476F-9927-5DC030E0FA8C}.Release|Mixed Platforms.Build.0 = Release|Any CPU
		{FD08A017-6791-476F-9927-5DC030E0FA8C}.Release|Win32.ActiveCfg = Release|Any CPU
		{FD08A017-6791-476F-9927-5DC030E0FA8C}.Release|x64.ActiveCfg = Release|Any CPU
		{39E0F8DC-A113-418C-ABBD-EFCF919DBAAB}.Debug|Any CPU.ActiveCfg = Debug|Any CPU
		{39E0F8DC-A113-418C-ABBD-EFCF919DBAAB}.Debug|Any CPU.Build.0 = Debug|Any CPU
		{39E0F8DC-A113-418C-ABBD-EFCF919DBAAB}.Debug|Mixed Platforms.ActiveCfg = Debug|Any CPU
		{39E0F8DC-A113-418C-ABBD-EFCF919DBAAB}.Debug|Mixed Platforms.Build.0 = Debug|Any CPU
		{39E0F8DC-A113-418C-ABBD-EFCF919DBAAB}.Debug|Win32.ActiveCfg = Debug|Any CPU
		{39E0F8DC-A113-418C-ABBD-EFCF919DBAAB}.Debug|x64.ActiveCfg = Debug|Any CPU
		{39E0F8DC-A113-418C-ABBD-EFCF919DBAAB}.Release managed|Any CPU.ActiveCfg = Release|Any CPU
		{39E0F8DC-A113-418C-ABBD-EFCF919DBAAB}.Release managed|Any CPU.Build.0 = Release|Any CPU
		{39E0F8DC-A113-418C-ABBD-EFCF919DBAAB}.Release managed|Mixed Platforms.ActiveCfg = Debug|Any CPU
		{39E0F8DC-A113-418C-ABBD-EFCF919DBAAB}.Release managed|Mixed Platforms.Build.0 = Debug|Any CPU
		{39E0F8DC-A113-418C-ABBD-EFCF919DBAAB}.Release managed|Win32.ActiveCfg = Release|Any CPU
		{39E0F8DC-A113-418C-ABBD-EFCF919DBAAB}.Release managed|x64.ActiveCfg = Release|Any CPU
		{39E0F8DC-A113-418C-ABBD-EFCF919DBAAB}.Release|Any CPU.ActiveCfg = Release|Any CPU
		{39E0F8DC-A113-418C-ABBD-EFCF919DBAAB}.Release|Any CPU.Build.0 = Release|Any CPU
		{39E0F8DC-A113-418C-ABBD-EFCF919DBAAB}.Release|Mixed Platforms.ActiveCfg = Release|Any CPU
		{39E0F8DC-A113-418C-ABBD-EFCF919DBAAB}.Release|Mixed Platforms.Build.0 = Release|Any CPU
		{39E0F8DC-A113-418C-ABBD-EFCF919DBAAB}.Release|Win32.ActiveCfg = Release|Any CPU
		{39E0F8DC-A113-418C-ABBD-EFCF919DBAAB}.Release|x64.ActiveCfg = Release|Any CPU
		{D3E155CC-C284-4A76-B0F3-9A38CCE36914}.Debug|Any CPU.ActiveCfg = Debug|Win32
		{D3E155CC-C284-4A76-B0F3-9A38CCE36914}.Debug|Mixed Platforms.ActiveCfg = Debug|Win32
		{D3E155CC-C284-4A76-B0F3-9A38CCE36914}.Debug|Mixed Platforms.Build.0 = Debug|Win32
		{D3E155CC-C284-4A76-B0F3-9A38CCE36914}.Debug|Win32.ActiveCfg = Debug|Win32
		{D3E155CC-C284-4A76-B0F3-9A38CCE36914}.Debug|Win32.Build.0 = Debug|Win32
		{D3E155CC-C284-4A76-B0F3-9A38CCE36914}.Debug|x64.ActiveCfg = Debug|Win32
		{D3E155CC-C284-4A76-B0F3-9A38CCE36914}.Release managed|Any CPU.ActiveCfg = Release|Win32
		{D3E155CC-C284-4A76-B0F3-9A38CCE36914}.Release managed|Mixed Platforms.ActiveCfg = Release|Win32
		{D3E155CC-C284-4A76-B0F3-9A38CCE36914}.Release managed|Mixed Platforms.Build.0 = Release|Win32
		{D3E155CC-C284-4A76-B0F3-9A38CCE36914}.Release managed|Win32.ActiveCfg = Release|Win32
		{D3E155CC-C284-4A76-B0F3-9A38CCE36914}.Release managed|Win32.Build.0 = Release|Win32
		{D3E155CC-C284-4A76-B0F3-9A38CCE36914}.Release managed|x64.ActiveCfg = Release|Win32
		{D3E155CC-C284-4A76-B0F3-9A38CCE36914}.Release|Any CPU.ActiveCfg = Release|Win32
		{D3E155CC-C284-4A76-B0F3-9A38CCE36914}.Release|Mixed Platforms.ActiveCfg = Release|Win32
		{D3E155CC-C284-4A76-B0F3-9A38CCE36914}.Release|Mixed Platforms.Build.0 = Release|Win32
		{D3E155CC-C284-4A76-B0F3-9A38CCE36914}.Release|Win32.ActiveCfg = Release|Win32
		{D3E155CC-C284-4A76-B0F3-9A38CCE36914}.Release|Win32.Build.0 = Release|Win32
		{D3E155CC-C284-4A76-B0F3-9A38CCE36914}.Release|x64.ActiveCfg = Release|Win32
	EndGlobalSection
	GlobalSection(SolutionProperties) = preSolution
		HideSolutionNode = FALSE
	EndGlobalSection
EndGlobal
